
Microsoft Visual Studio Solution File, Format Version 12.00
# Visual Studio 15
VisualStudioVersion = 15.0.27130.2027
MinimumVisualStudioVersion = 10.0.40219.1
Project("{8BC9CEB8-8B4A-11D0-8D11-00A0C91BC942}") = "LZWDecompressor", "LZWDecompressor\LZWDecompressor.vcxproj", "{A04A3B86-13A7-434A-8A33-03D8EECEE2FD}"
EndProject
Global
	GlobalSection(SolutionConfigurationPlatforms) = preSolution
		Debug|x64 = Debug|x64
		Debug|x86 = Debug|x86
		Release|x64 = Release|x64
		Release|x86 = Release|x86
	EndGlobalSection
	GlobalSection(ProjectConfigurationPlatforms) = postSolution
		{A04A3B86-13A7-434A-8A33-03D8EECEE2FD}.Debug|x64.ActiveCfg = Debug|x64
		{A04A3B86-13A7-434A-8A33-03D8EECEE2FD}.Debug|x64.Build.0 = Debug|x64
		{A04A3B86-13A7-434A-8A33-03D8EECEE2FD}.Debug|x86.ActiveCfg = Debug|Win32
		{A04A3B86-13A7-434A-8A33-03D8EECEE2FD}.Debug|x86.Build.0 = Debug|Win32
		{A04A3B86-13A7-434A-8A33-03D8EECEE2FD}.Release|x64.ActiveCfg = Release|x64
		{A04A3B86-13A7-434A-8A33-03D8EECEE2FD}.Release|x64.Build.0 = Release|x64
		{A04A3B86-13A7-434A-8A33-03D8EECEE2FD}.Release|x86.ActiveCfg = Release|Win32
		{A04A3B86-13A7-434A-8A33-03D8EECEE2FD}.Release|x86.Build.0 = Release|Win32
	EndGlobalSection
	GlobalSection(SolutionProperties) = preSolution
		HideSolutionNode = FALSE
	EndGlobalSection
	GlobalSection(ExtensibilityGlobals) = postSolution
		SolutionGuid = {A5D22115-9A42-45FD-9B57-68DCDC792A59}
	EndGlobalSection
EndGlobal
